
Microsoft Visual Studio Solution File, Format Version 12.00
# Visual Studio Version 16
VisualStudioVersion = 16.0.32106.194
MinimumVisualStudioVersion = 10.0.40219.1
Project("{FAE04EC0-301F-11D3-BF4B-00C04F79EFBC}") = "ExertSite", "ExertSite\ExertSite.csproj", "{21E890D0-E19B-4058-80C2-AE94BE030513}"
EndProject
Global
	GlobalSection(SolutionConfigurationPlatforms) = preSolution
		Debug|Any CPU = Debug|Any CPU
		Release|Any CPU = Release|Any CPU
	EndGlobalSection
	GlobalSection(ProjectConfigurationPlatforms) = postSolution
		{21E890D0-E19B-4058-80C2-AE94BE030513}.Debug|Any CPU.ActiveCfg = Debug|Any CPU
		{21E890D0-E19B-4058-80C2-AE94BE030513}.Debug|Any CPU.Build.0 = Debug|Any CPU
		{21E890D0-E19B-4058-80C2-AE94BE030513}.Release|Any CPU.ActiveCfg = Release|Any CPU
		{21E890D0-E19B-4058-80C2-AE94BE030513}.Release|Any CPU.Build.0 = Release|Any CPU
	EndGlobalSection
	GlobalSection(SolutionProperties) = preSolution
		HideSolutionNode = FALSE
	EndGlobalSection
	GlobalSection(ExtensibilityGlobals) = postSolution
		SolutionGuid = {44E1C1AF-BD60-4BE5-AE50-5044227270D7}
	EndGlobalSection
EndGlobal
